
Microsoft Visual Studio Solution File, Format Version 12.00
# Visual Studio 15
VisualStudioVersion = 15.0.27428.2037
MinimumVisualStudioVersion = 10.0.40219.1
Project("{FAE04EC0-301F-11D3-BF4B-00C04F79EFBC}") = "WpfForMN", "WpfApp1\WpfForMN.csproj", "{8838AB4A-07AD-47BF-BC9A-33CADF20470B}"
EndProject
Global
	GlobalSection(SolutionConfigurationPlatforms) = preSolution
		Debug|Any CPU = Debug|Any CPU
		Release|Any CPU = Release|Any CPU
	EndGlobalSection
	GlobalSection(ProjectConfigurationPlatforms) = postSolution
		{8838AB4A-07AD-47BF-BC9A-33CADF20470B}.Debug|Any CPU.ActiveCfg = Debug|Any CPU
		{8838AB4A-07AD-47BF-BC9A-33CADF20470B}.Debug|Any CPU.Build.0 = Debug|Any CPU
		{8838AB4A-07AD-47BF-BC9A-33CADF20470B}.Release|Any CPU.ActiveCfg = Release|Any CPU
		{8838AB4A-07AD-47BF-BC9A-33CADF20470B}.Release|Any CPU.Build.0 = Release|Any CPU
	EndGlobalSection
	GlobalSection(SolutionProperties) = preSolution
		HideSolutionNode = FALSE
	EndGlobalSection
	GlobalSection(ExtensibilityGlobals) = postSolution
		SolutionGuid = {BB0FE873-3672-4373-A544-3AE7E4F0BF21}
	EndGlobalSection
EndGlobal
